# @generated by Move, please check-in and do not edit manually.

[move]
version = 3
manifest_digest = "E89B67D2AA523C5B84740DB1F004C77B2D02A15B87707AA3B75895F7472798DF"
deps_digest = "F8BBB0CCB2491CA29A3DF03D6F92277A4F3574266507ACD77214D37ECA3F3082"
dependencies = [
  { id = "Sui", name = "Sui" },
]

[[move.package]]
id = "MoveStdlib"
source = { git = "https://github.com/MystenLabs/sui.git", rev = "framework/testnet", subdir = "crates\\sui-framework\\packages\\move-stdlib" }

[[move.package]]
id = "Sui"
source = { git = "https://github.com/MystenLabs/sui.git", rev = "framework/testnet", subdir = "crates/sui-framework/packages/sui-framework" }

dependencies = [
  { id = "MoveStdlib", name = "MoveStdlib" },
]

[move.toolchain-version]
compiler-version = "1.62.0"
edition = "2024.beta"
flavor = "sui"

[env]

[env.local]
chain-id = "ea115199"
original-published-id = "0xf100a27caab6acc234353a11c58af157dc31753c0b70c3ca494b0b41331131a4"
latest-published-id = "0xf100a27caab6acc234353a11c58af157dc31753c0b70c3ca494b0b41331131a4"
published-version = "1"

[env.localnet]
chain-id = "380d9f39"
original-published-id = "0x551a96903f047627aca33945e871cf9280dce4106022d7ac54bc80a495f48361"
latest-published-id = "0x551a96903f047627aca33945e871cf9280dce4106022d7ac54bc80a495f48361"
published-version = "1"
